
Microsoft Visual Studio Solution File, Format Version 12.00
# Visual Studio Version 16
VisualStudioVersion = 16.0.30907.101
MinimumVisualStudioVersion = 10.0.40219.1
Project("{FAE04EC0-301F-11D3-BF4B-00C04F79EFBC}") = "ProjectGame", "ProjectGame\ProjectGame.csproj", "{D2857417-69E1-4B0A-B19C-C7ABB01FD583}"
EndProject
Global
	GlobalSection(SolutionConfigurationPlatforms) = preSolution
		Debug|Any CPU = Debug|Any CPU
		Release|Any CPU = Release|Any CPU
	EndGlobalSection
	GlobalSection(ProjectConfigurationPlatforms) = postSolution
		{D2857417-69E1-4B0A-B19C-C7ABB01FD583}.Debug|Any CPU.ActiveCfg = Debug|Any CPU
		{D2857417-69E1-4B0A-B19C-C7ABB01FD583}.Debug|Any CPU.Build.0 = Debug|Any CPU
		{D2857417-69E1-4B0A-B19C-C7ABB01FD583}.Release|Any CPU.ActiveCfg = Release|Any CPU
		{D2857417-69E1-4B0A-B19C-C7ABB01FD583}.Release|Any CPU.Build.0 = Release|Any CPU
	EndGlobalSection
	GlobalSection(SolutionProperties) = preSolution
		HideSolutionNode = FALSE
	EndGlobalSection
	GlobalSection(ExtensibilityGlobals) = postSolution
		SolutionGuid = {FB3928D7-45D3-4C7F-9691-A44F8D2076A9}
	EndGlobalSection
EndGlobal
